// !$*UTF8*$!
{
	archiveVersion = 1;
	classes = {
	};
	objectVersion = 50;
	objects = {

/* Begin PBXBuildFile section */
		6526518F261F4E6100537FC8 /* AbilityViewController.swift in Sources */ = {isa = PBXBuildFile; fileRef = 6526518E261F4E6100537FC8 /* AbilityViewController.swift */; };
		6556BF88261CFE020064B29D /* DetailViewController.swift in Sources */ = {isa = PBXBuildFile; fileRef = 6556BF87261CFE020064B29D /* DetailViewController.swift */; };
		6560FC26261B6E8000E222FC /* AppDelegate.swift in Sources */ = {isa = PBXBuildFile; fileRef = 6560FC25261B6E8000E222FC /* AppDelegate.swift */; };
		6560FC28261B6E8000E222FC /* SceneDelegate.swift in Sources */ = {isa = PBXBuildFile; fileRef = 6560FC27261B6E8000E222FC /* SceneDelegate.swift */; };
		6560FC2A261B6E8000E222FC /* InitViewController.swift in Sources */ = {isa = PBXBuildFile; fileRef = 6560FC29261B6E8000E222FC /* InitViewController.swift */; };
		6560FC2D261B6E8000E222FC /* Main.storyboard in Resources */ = {isa = PBXBuildFile; fileRef = 6560FC2B261B6E8000E222FC /* Main.storyboard */; };
		6560FC2F261B6E8400E222FC /* Assets.xcassets in Resources */ = {isa = PBXBuildFile; fileRef = 6560FC2E261B6E8400E222FC /* Assets.xcassets */; };
		6560FC3C261B70B300E222FC /* MyTableViewCellPersons.swift in Sources */ = {isa = PBXBuildFile; fileRef = 6560FC3B261B70B300E222FC /* MyTableViewCellPersons.swift */; };
		6560FC3F261B710500E222FC /* TableViewControllerPersons.swift in Sources */ = {isa = PBXBuildFile; fileRef = 6560FC3E261B710500E222FC /* TableViewControllerPersons.swift */; };
		6560FC44261B74BA00E222FC /* Mappable.swift in Sources */ = {isa = PBXBuildFile; fileRef = 6560FC43261B74BA00E222FC /* Mappable.swift */; };
		6560FC47261B74FB00E222FC /* Connection.swift in Sources */ = {isa = PBXBuildFile; fileRef = 6560FC46261B74FB00E222FC /* Connection.swift */; };
		6560FC4A261B752600E222FC /* Data.swift in Sources */ = {isa = PBXBuildFile; fileRef = 6560FC49261B752600E222FC /* Data.swift */; };
		65770E7226D8D36F0096A343 /* DetailMapViewController.swift in Sources */ = {isa = PBXBuildFile; fileRef = 65770E7126D8D36F0096A343 /* DetailMapViewController.swift */; };
		658C0A58261E58F80024D12A /* pruebasViewController.swift in Sources */ = {isa = PBXBuildFile; fileRef = 658C0A57261E58F80024D12A /* pruebasViewController.swift */; };
		658C0A5C261E68840024D12A /* PaddingLabel.swift in Sources */ = {isa = PBXBuildFile; fileRef = 658C0A5B261E68840024D12A /* PaddingLabel.swift */; };
		65AC3E3E261C7688004DBAA1 /* presentation.gif in Resources */ = {isa = PBXBuildFile; fileRef = 65AC3E3D261C7688004DBAA1 /* presentation.gif */; };
		65AC3E41261C7747004DBAA1 /* Gift.swift in Sources */ = {isa = PBXBuildFile; fileRef = 65AC3E40261C7747004DBAA1 /* Gift.swift */; };
		65AC3E48261C8E54004DBAA1 /* Loading.swift in Sources */ = {isa = PBXBuildFile; fileRef = 65AC3E47261C8E54004DBAA1 /* Loading.swift */; };
		65C4C81E26D8EB2500882FE0 /* BrimStoneBaliza.mp4 in Resources */ = {isa = PBXBuildFile; fileRef = 65C4C81D26D8EB2500882FE0 /* BrimStoneBaliza.mp4 */; };
		65D18EE426D63BB400237E73 /* MapsControllerSwiftUI.swift in Sources */ = {isa = PBXBuildFile; fileRef = 65D18EE326D63BB400237E73 /* MapsControllerSwiftUI.swift */; };
		65D18EEC26D6594900237E73 /* MapsViewController.swift in Sources */ = {isa = PBXBuildFile; fileRef = 65D18EEB26D6594900237E73 /* MapsViewController.swift */; };
		65D18EEF26D695FB00237E73 /* Slide.xib in Resources */ = {isa = PBXBuildFile; fileRef = 65D18EEE26D695FB00237E73 /* Slide.xib */; };
		65D18EF226D696B600237E73 /* Slide.swift in Sources */ = {isa = PBXBuildFile; fileRef = 65D18EF126D696B600237E73 /* Slide.swift */; };
		CFE91E8D26D93A5E00508E07 /* SkinsCollectionViewCell.swift in Sources */ = {isa = PBXBuildFile; fileRef = CFE91E8C26D93A5E00508E07 /* SkinsCollectionViewCell.swift */; };
		CFF2CB1D26D8044500742B26 /* WeaponsListViewController.swift in Sources */ = {isa = PBXBuildFile; fileRef = CFF2CB1C26D8044500742B26 /* WeaponsListViewController.swift */; };
		CFF2CB1F26D8046D00742B26 /* LaunchScreen.storyboard in Resources */ = {isa = PBXBuildFile; fileRef = CFF2CB1E26D8046D00742B26 /* LaunchScreen.storyboard */; };
		CFF2CB2126D8053F00742B26 /* WeaponDetailViewController.swift in Sources */ = {isa = PBXBuildFile; fileRef = CFF2CB2026D8053F00742B26 /* WeaponDetailViewController.swift */; };
		CFF2CB2326D8054700742B26 /* WeaponsListCollectionViewCell.swift in Sources */ = {isa = PBXBuildFile; fileRef = CFF2CB2226D8054700742B26 /* WeaponsListCollectionViewCell.swift */; };
		CFF2CB2626D8071E00742B26 /* presentation1.gif in Resources */ = {isa = PBXBuildFile; fileRef = CFF2CB2526D8071E00742B26 /* presentation1.gif */; };
		CFF2CB2826D809C100742B26 /* Valorant Font.ttf in Resources */ = {isa = PBXBuildFile; fileRef = CFF2CB2726D809C100742B26 /* Valorant Font.ttf */; };
/* End PBXBuildFile section */

/* Begin PBXFileReference section */
		6526518E261F4E6100537FC8 /* AbilityViewController.swift */ = {isa = PBXFileReference; lastKnownFileType = sourcecode.swift; path = AbilityViewController.swift; sourceTree = "<group>"; };
		6556BF87261CFE020064B29D /* DetailViewController.swift */ = {isa = PBXFileReference; lastKnownFileType = sourcecode.swift; path = DetailViewController.swift; sourceTree = "<group>"; };
		6560FC22261B6E8000E222FC /* Valorant.app */ = {isa = PBXFileReference; explicitFileType = wrapper.application; includeInIndex = 0; path = Valorant.app; sourceTree = BUILT_PRODUCTS_DIR; };
		6560FC25261B6E8000E222FC /* AppDelegate.swift */ = {isa = PBXFileReference; lastKnownFileType = sourcecode.swift; path = AppDelegate.swift; sourceTree = "<group>"; };
		6560FC27261B6E8000E222FC /* SceneDelegate.swift */ = {isa = PBXFileReference; lastKnownFileType = sourcecode.swift; path = SceneDelegate.swift; sourceTree = "<group>"; };
		6560FC29261B6E8000E222FC /* InitViewController.swift */ = {isa = PBXFileReference; lastKnownFileType = sourcecode.swift; path = InitViewController.swift; sourceTree = "<group>"; };
		6560FC2C261B6E8000E222FC /* Base */ = {isa = PBXFileReference; lastKnownFileType = file.storyboard; name = Base; path = Base.lproj/Main.storyboard; sourceTree = "<group>"; };
		6560FC2E261B6E8400E222FC /* Assets.xcassets */ = {isa = PBXFileReference; lastKnownFileType = folder.assetcatalog; path = Assets.xcassets; sourceTree = "<group>"; };
		6560FC33261B6E8400E222FC /* Info.plist */ = {isa = PBXFileReference; lastKnownFileType = text.plist.xml; path = Info.plist; sourceTree = "<group>"; };
		6560FC3B261B70B300E222FC /* MyTableViewCellPersons.swift */ = {isa = PBXFileReference; lastKnownFileType = sourcecode.swift; path = MyTableViewCellPersons.swift; sourceTree = "<group>"; };
		6560FC3E261B710500E222FC /* TableViewControllerPersons.swift */ = {isa = PBXFileReference; lastKnownFileType = sourcecode.swift; path = TableViewControllerPersons.swift; sourceTree = "<group>"; };
		6560FC43261B74BA00E222FC /* Mappable.swift */ = {isa = PBXFileReference; lastKnownFileType = sourcecode.swift; path = Mappable.swift; sourceTree = "<group>"; };
		6560FC46261B74FB00E222FC /* Connection.swift */ = {isa = PBXFileReference; lastKnownFileType = sourcecode.swift; path = Connection.swift; sourceTree = "<group>"; };
		6560FC49261B752600E222FC /* Data.swift */ = {isa = PBXFileReference; lastKnownFileType = sourcecode.swift; path = Data.swift; sourceTree = "<group>"; };
		65770E7126D8D36F0096A343 /* DetailMapViewController.swift */ = {isa = PBXFileReference; lastKnownFileType = sourcecode.swift; path = DetailMapViewController.swift; sourceTree = "<group>"; };
		658C0A57261E58F80024D12A /* pruebasViewController.swift */ = {isa = PBXFileReference; lastKnownFileType = sourcecode.swift; path = pruebasViewController.swift; sourceTree = "<group>"; };
		658C0A5B261E68840024D12A /* PaddingLabel.swift */ = {isa = PBXFileReference; lastKnownFileType = sourcecode.swift; path = PaddingLabel.swift; sourceTree = "<group>"; };
		65AC3E3D261C7688004DBAA1 /* presentation.gif */ = {isa = PBXFileReference; lastKnownFileType = image.gif; path = presentation.gif; sourceTree = SOURCE_ROOT; };
		65AC3E40261C7747004DBAA1 /* Gift.swift */ = {isa = PBXFileReference; lastKnownFileType = sourcecode.swift; path = Gift.swift; sourceTree = "<group>"; };
		65AC3E47261C8E54004DBAA1 /* Loading.swift */ = {isa = PBXFileReference; lastKnownFileType = sourcecode.swift; path = Loading.swift; sourceTree = "<group>"; };
		65C4C81D26D8EB2500882FE0 /* BrimStoneBaliza.mp4 */ = {isa = PBXFileReference; lastKnownFileType = file; path = BrimStoneBaliza.mp4; sourceTree = "<group>"; };
		65D18EE326D63BB400237E73 /* MapsControllerSwiftUI.swift */ = {isa = PBXFileReference; lastKnownFileType = sourcecode.swift; path = MapsControllerSwiftUI.swift; sourceTree = "<group>"; };
		65D18EEB26D6594900237E73 /* MapsViewController.swift */ = {isa = PBXFileReference; lastKnownFileType = sourcecode.swift; path = MapsViewController.swift; sourceTree = "<group>"; };
		65D18EEE26D695FB00237E73 /* Slide.xib */ = {isa = PBXFileReference; lastKnownFileType = file.xib; path = Slide.xib; sourceTree = "<group>"; };
		65D18EF126D696B600237E73 /* Slide.swift */ = {isa = PBXFileReference; lastKnownFileType = sourcecode.swift; path = Slide.swift; sourceTree = "<group>"; };
		CFE91E8C26D93A5E00508E07 /* SkinsCollectionViewCell.swift */ = {isa = PBXFileReference; lastKnownFileType = sourcecode.swift; path = SkinsCollectionViewCell.swift; sourceTree = "<group>"; };
		CFF2CB1C26D8044500742B26 /* WeaponsListViewController.swift */ = {isa = PBXFileReference; fileEncoding = 4; lastKnownFileType = sourcecode.swift; path = WeaponsListViewController.swift; sourceTree = "<group>"; };
		CFF2CB1E26D8046D00742B26 /* LaunchScreen.storyboard */ = {isa = PBXFileReference; fileEncoding = 4; lastKnownFileType = file.storyboard; path = LaunchScreen.storyboard; sourceTree = "<group>"; };
		CFF2CB2026D8053F00742B26 /* WeaponDetailViewController.swift */ = {isa = PBXFileReference; fileEncoding = 4; lastKnownFileType = sourcecode.swift; path = WeaponDetailViewController.swift; sourceTree = "<group>"; };
		CFF2CB2226D8054700742B26 /* WeaponsListCollectionViewCell.swift */ = {isa = PBXFileReference; fileEncoding = 4; lastKnownFileType = sourcecode.swift; path = WeaponsListCollectionViewCell.swift; sourceTree = "<group>"; };
		CFF2CB2526D8071E00742B26 /* presentation1.gif */ = {isa = PBXFileReference; lastKnownFileType = image.gif; path = presentation1.gif; sourceTree = "<group>"; };
		CFF2CB2726D809C100742B26 /* Valorant Font.ttf */ = {isa = PBXFileReference; lastKnownFileType = file; path = "Valorant Font.ttf"; sourceTree = "<group>"; };
/* End PBXFileReference section */

/* Begin PBXFrameworksBuildPhase section */
		6560FC1F261B6E8000E222FC /* Frameworks */ = {
			isa = PBXFrameworksBuildPhase;
			buildActionMask = 2147483647;
			files = (
			);
			runOnlyForDeploymentPostprocessing = 0;
		};
/* End PBXFrameworksBuildPhase section */

/* Begin PBXGroup section */
		6560FC19261B6E8000E222FC = {
			isa = PBXGroup;
			children = (
				6560FC24261B6E8000E222FC /* Valorant */,
				6560FC23261B6E8000E222FC /* Products */,
			);
			sourceTree = "<group>";
		};
		6560FC23261B6E8000E222FC /* Products */ = {
			isa = PBXGroup;
			children = (
				6560FC22261B6E8000E222FC /* Valorant.app */,
			);
			name = Products;
			sourceTree = "<group>";
		};
		6560FC24261B6E8000E222FC /* Valorant */ = {
			isa = PBXGroup;
			children = (
				65AC3E3D261C7688004DBAA1 /* presentation.gif */,
				CFF2CB2526D8071E00742B26 /* presentation1.gif */,
				65770E7526D8E59C0096A343 /* Videos */,
				65AC3E40261C7747004DBAA1 /* Gift.swift */,
				65D18EF126D696B600237E73 /* Slide.swift */,
				65AC3E47261C8E54004DBAA1 /* Loading.swift */,
				6560FC25261B6E8000E222FC /* AppDelegate.swift */,
				6560FC27261B6E8000E222FC /* SceneDelegate.swift */,
				6560FC29261B6E8000E222FC /* InitViewController.swift */,
				CFF2CB1C26D8044500742B26 /* WeaponsListViewController.swift */,
				CFF2CB2026D8053F00742B26 /* WeaponDetailViewController.swift */,
				CFF2CB2226D8054700742B26 /* WeaponsListCollectionViewCell.swift */,
				CFE91E8C26D93A5E00508E07 /* SkinsCollectionViewCell.swift */,
				6560FC3B261B70B300E222FC /* MyTableViewCellPersons.swift */,
				6560FC3E261B710500E222FC /* TableViewControllerPersons.swift */,
				6556BF87261CFE020064B29D /* DetailViewController.swift */,
				6560FC43261B74BA00E222FC /* Mappable.swift */,
				6560FC46261B74FB00E222FC /* Connection.swift */,
				6560FC49261B752600E222FC /* Data.swift */,
				65770E7126D8D36F0096A343 /* DetailMapViewController.swift */,
				658C0A57261E58F80024D12A /* pruebasViewController.swift */,
				65D18EEB26D6594900237E73 /* MapsViewController.swift */,
				658C0A5B261E68840024D12A /* PaddingLabel.swift */,
				6526518E261F4E6100537FC8 /* AbilityViewController.swift */,
				65D18EE326D63BB400237E73 /* MapsControllerSwiftUI.swift */,
				6560FC2B261B6E8000E222FC /* Main.storyboard */,
				CFF2CB1E26D8046D00742B26 /* LaunchScreen.storyboard */,
				65D18EEE26D695FB00237E73 /* Slide.xib */,
				6560FC2E261B6E8400E222FC /* Assets.xcassets */,
				6560FC33261B6E8400E222FC /* Info.plist */,
				CFF2CB2726D809C100742B26 /* Valorant Font.ttf */,
			);
			path = Valorant;
			sourceTree = "<group>";
		};
		65770E7526D8E59C0096A343 /* Videos */ = {
			isa = PBXGroup;
			children = (
				65C4C81D26D8EB2500882FE0 /* BrimStoneBaliza.mp4 */,
			);
			path = Videos;
			sourceTree = "<group>";
		};
/* End PBXGroup section */

/* Begin PBXNativeTarget section */
		6560FC21261B6E8000E222FC /* Valorant */ = {
			isa = PBXNativeTarget;
			buildConfigurationList = 6560FC36261B6E8400E222FC /* Build configuration list for PBXNativeTarget "Valorant" */;
			buildPhases = (
				6560FC1E261B6E8000E222FC /* Sources */,
				6560FC1F261B6E8000E222FC /* Frameworks */,
				6560FC20261B6E8000E222FC /* Resources */,
			);
			buildRules = (
			);
			dependencies = (
			);
			name = Valorant;
			productName = Valorant;
			productReference = 6560FC22261B6E8000E222FC /* Valorant.app */;
			productType = "com.apple.product-type.application";
		};
/* End PBXNativeTarget section */

/* Begin PBXProject section */
		6560FC1A261B6E8000E222FC /* Project object */ = {
			isa = PBXProject;
			attributes = {
				LastSwiftUpdateCheck = 1230;
				LastUpgradeCheck = 1230;
				TargetAttributes = {
					6560FC21261B6E8000E222FC = {
						CreatedOnToolsVersion = 12.3;
					};
				};
			};
			buildConfigurationList = 6560FC1D261B6E8000E222FC /* Build configuration list for PBXProject "Valorant" */;
			compatibilityVersion = "Xcode 9.3";
			developmentRegion = en;
			hasScannedForEncodings = 0;
			knownRegions = (
				en,
				Base,
			);
			mainGroup = 6560FC19261B6E8000E222FC;
			productRefGroup = 6560FC23261B6E8000E222FC /* Products */;
			projectDirPath = "";
			projectRoot = "";
			targets = (
				6560FC21261B6E8000E222FC /* Valorant */,
			);
		};
/* End PBXProject section */

/* Begin PBXResourcesBuildPhase section */
		6560FC20261B6E8000E222FC /* Resources */ = {
			isa = PBXResourcesBuildPhase;
			buildActionMask = 2147483647;
			files = (
				65C4C81E26D8EB2500882FE0 /* BrimStoneBaliza.mp4 in Resources */,
				65AC3E3E261C7688004DBAA1 /* presentation.gif in Resources */,
				6560FC2F261B6E8400E222FC /* Assets.xcassets in Resources */,
				CFF2CB2826D809C100742B26 /* Valorant Font.ttf in Resources */,
				CFF2CB1F26D8046D00742B26 /* LaunchScreen.storyboard in Resources */,
				6560FC2D261B6E8000E222FC /* Main.storyboard in Resources */,
				CFF2CB2626D8071E00742B26 /* presentation1.gif in Resources */,
				65D18EEF26D695FB00237E73 /* Slide.xib in Resources */,
			);
			runOnlyForDeploymentPostprocessing = 0;
		};
/* End PBXResourcesBuildPhase section */

/* Begin PBXSourcesBuildPhase section */
		6560FC1E261B6E8000E222FC /* Sources */ = {
			isa = PBXSourcesBuildPhase;
			buildActionMask = 2147483647;
			files = (
				6556BF88261CFE020064B29D /* DetailViewController.swift in Sources */,
				65AC3E41261C7747004DBAA1 /* Gift.swift in Sources */,
				6560FC3F261B710500E222FC /* TableViewControllerPersons.swift in Sources */,
				65770E7226D8D36F0096A343 /* DetailMapViewController.swift in Sources */,
				65D18EEC26D6594900237E73 /* MapsViewController.swift in Sources */,
				CFF2CB2126D8053F00742B26 /* WeaponDetailViewController.swift in Sources */,
				6526518F261F4E6100537FC8 /* AbilityViewController.swift in Sources */,
				CFF2CB2326D8054700742B26 /* WeaponsListCollectionViewCell.swift in Sources */,
				65AC3E48261C8E54004DBAA1 /* Loading.swift in Sources */,
				CFE91E8D26D93A5E00508E07 /* SkinsCollectionViewCell.swift in Sources */,
				CFF2CB1D26D8044500742B26 /* WeaponsListViewController.swift in Sources */,
				6560FC44261B74BA00E222FC /* Mappable.swift in Sources */,
				6560FC2A261B6E8000E222FC /* InitViewController.swift in Sources */,
				65D18EF226D696B600237E73 /* Slide.swift in Sources */,
				658C0A58261E58F80024D12A /* pruebasViewController.swift in Sources */,
				658C0A5C261E68840024D12A /* PaddingLabel.swift in Sources */,
				6560FC3C261B70B300E222FC /* MyTableViewCellPersons.swift in Sources */,
				6560FC26261B6E8000E222FC /* AppDelegate.swift in Sources */,
				6560FC28261B6E8000E222FC /* SceneDelegate.swift in Sources */,
				6560FC47261B74FB00E222FC /* Connection.swift in Sources */,
				6560FC4A261B752600E222FC /* Data.swift in Sources */,
				65D18EE426D63BB400237E73 /* MapsControllerSwiftUI.swift in Sources */,
			);
			runOnlyForDeploymentPostprocessing = 0;
		};
/* End PBXSourcesBuildPhase section */

/* Begin PBXVariantGroup section */
		6560FC2B261B6E8000E222FC /* Main.storyboard */ = {
			isa = PBXVariantGroup;
			children = (
				6560FC2C261B6E8000E222FC /* Base */,
			);
			name = Main.storyboard;
			sourceTree = "<group>";
		};
/* End PBXVariantGroup section */

/* Begin XCBuildConfiguration section */
		6560FC34261B6E8400E222FC /* Debug */ = {
			isa = XCBuildConfiguration;
			buildSettings = {
				ALWAYS_SEARCH_USER_PATHS = NO;
				CLANG_ANALYZER_NONNULL = YES;
				CLANG_ANALYZER_NUMBER_OBJECT_CONVERSION = YES_AGGRESSIVE;
				CLANG_CXX_LANGUAGE_STANDARD = "gnu++14";
				CLANG_CXX_LIBRARY = "libc++";
				CLANG_ENABLE_MODULES = YES;
				CLANG_ENABLE_OBJC_ARC = YES;
				CLANG_ENABLE_OBJC_WEAK = YES;
				CLANG_WARN_BLOCK_CAPTURE_AUTORELEASING = YES;
				CLANG_WARN_BOOL_CONVERSION = YES;
				CLANG_WARN_COMMA = YES;
				CLANG_WARN_CONSTANT_CONVERSION = YES;
				CLANG_WARN_DEPRECATED_OBJC_IMPLEMENTATIONS = YES;
				CLANG_WARN_DIRECT_OBJC_ISA_USAGE = YES_ERROR;
				CLANG_WARN_DOCUMENTATION_COMMENTS = YES;
				CLANG_WARN_EMPTY_BODY = YES;
				CLANG_WARN_ENUM_CONVERSION = YES;
				CLANG_WARN_INFINITE_RECURSION = YES;
				CLANG_WARN_INT_CONVERSION = YES;
				CLANG_WARN_NON_LITERAL_NULL_CONVERSION = YES;
				CLANG_WARN_OBJC_IMPLICIT_RETAIN_SELF = YES;
				CLANG_WARN_OBJC_LITERAL_CONVERSION = YES;
				CLANG_WARN_OBJC_ROOT_CLASS = YES_ERROR;
				CLANG_WARN_QUOTED_INCLUDE_IN_FRAMEWORK_HEADER = YES;
				CLANG_WARN_RANGE_LOOP_ANALYSIS = YES;
				CLANG_WARN_STRICT_PROTOTYPES = YES;
				CLANG_WARN_SUSPICIOUS_MOVE = YES;
				CLANG_WARN_UNGUARDED_AVAILABILITY = YES_AGGRESSIVE;
				CLANG_WARN_UNREACHABLE_CODE = YES;
				CLANG_WARN__DUPLICATE_METHOD_MATCH = YES;
				COPY_PHASE_STRIP = NO;
				DEBUG_INFORMATION_FORMAT = dwarf;
				ENABLE_STRICT_OBJC_MSGSEND = YES;
				ENABLE_TESTABILITY = YES;
				GCC_C_LANGUAGE_STANDARD = gnu11;
				GCC_DYNAMIC_NO_PIC = NO;
				GCC_NO_COMMON_BLOCKS = YES;
				GCC_OPTIMIZATION_LEVEL = 0;
				GCC_PREPROCESSOR_DEFINITIONS = (
					"DEBUG=1",
					"$(inherited)",
				);
				GCC_WARN_64_TO_32_BIT_CONVERSION = YES;
				GCC_WARN_ABOUT_RETURN_TYPE = YES_ERROR;
				GCC_WARN_UNDECLARED_SELECTOR = YES;
				GCC_WARN_UNINITIALIZED_AUTOS = YES_AGGRESSIVE;
				GCC_WARN_UNUSED_FUNCTION = YES;
				GCC_WARN_UNUSED_VARIABLE = YES;
				IPHONEOS_DEPLOYMENT_TARGET = 14.3;
				MTL_ENABLE_DEBUG_INFO = INCLUDE_SOURCE;
				MTL_FAST_MATH = YES;
				ONLY_ACTIVE_ARCH = YES;
				SDKROOT = iphoneos;
				SWIFT_ACTIVE_COMPILATION_CONDITIONS = DEBUG;
				SWIFT_OPTIMIZATION_LEVEL = "-Onone";
			};
			name = Debug;
		};
		6560FC35261B6E8400E222FC /* Release */ = {
			isa = XCBuildConfiguration;
			buildSettings = {
				ALWAYS_SEARCH_USER_PATHS = NO;
				CLANG_ANALYZER_NONNULL = YES;
				CLANG_ANALYZER_NUMBER_OBJECT_CONVERSION = YES_AGGRESSIVE;
				CLANG_CXX_LANGUAGE_STANDARD = "gnu++14";
				CLANG_CXX_LIBRARY = "libc++";
				CLANG_ENABLE_MODULES = YES;
				CLANG_ENABLE_OBJC_ARC = YES;
				CLANG_ENABLE_OBJC_WEAK = YES;
				CLANG_WARN_BLOCK_CAPTURE_AUTORELEASING = YES;
				CLANG_WARN_BOOL_CONVERSION = YES;
				CLANG_WARN_COMMA = YES;
				CLANG_WARN_CONSTANT_CONVERSION = YES;
				CLANG_WARN_DEPRECATED_OBJC_IMPLEMENTATIONS = YES;
				CLANG_WARN_DIRECT_OBJC_ISA_USAGE = YES_ERROR;
				CLANG_WARN_DOCUMENTATION_COMMENTS = YES;
				CLANG_WARN_EMPTY_BODY = YES;
				CLANG_WARN_ENUM_CONVERSION = YES;
				CLANG_WARN_INFINITE_RECURSION = YES;
				CLANG_WARN_INT_CONVERSION = YES;
				CLANG_WARN_NON_LITERAL_NULL_CONVERSION = YES;
				CLANG_WARN_OBJC_IMPLICIT_RETAIN_SELF = YES;
				CLANG_WARN_OBJC_LITERAL_CONVERSION = YES;
				CLANG_WARN_OBJC_ROOT_CLASS = YES_ERROR;
				CLANG_WARN_QUOTED_INCLUDE_IN_FRAMEWORK_HEADER = YES;
				CLANG_WARN_RANGE_LOOP_ANALYSIS = YES;
				CLANG_WARN_STRICT_PROTOTYPES = YES;
				CLANG_WARN_SUSPICIOUS_MOVE = YES;
				CLANG_WARN_UNGUARDED_AVAILABILITY = YES_AGGRESSIVE;
				CLANG_WARN_UNREACHABLE_CODE = YES;
				CLANG_WARN__DUPLICATE_METHOD_MATCH = YES;
				COPY_PHASE_STRIP = NO;
				DEBUG_INFORMATION_FORMAT = "dwarf-with-dsym";
				ENABLE_NS_ASSERTIONS = NO;
				ENABLE_STRICT_OBJC_MSGSEND = YES;
				GCC_C_LANGUAGE_STANDARD = gnu11;
				GCC_NO_COMMON_BLOCKS = YES;
				GCC_WARN_64_TO_32_BIT_CONVERSION = YES;
				GCC_WARN_ABOUT_RETURN_TYPE = YES_ERROR;
				GCC_WARN_UNDECLARED_SELECTOR = YES;
				GCC_WARN_UNINITIALIZED_AUTOS = YES_AGGRESSIVE;
				GCC_WARN_UNUSED_FUNCTION = YES;
				GCC_WARN_UNUSED_VARIABLE = YES;
				IPHONEOS_DEPLOYMENT_TARGET = 14.3;
				MTL_ENABLE_DEBUG_INFO = NO;
				MTL_FAST_MATH = YES;
				SDKROOT = iphoneos;
				SWIFT_COMPILATION_MODE = wholemodule;
				SWIFT_OPTIMIZATION_LEVEL = "-O";
				VALIDATE_PRODUCT = YES;
			};
			name = Release;
		};
		6560FC37261B6E8400E222FC /* Debug */ = {
			isa = XCBuildConfiguration;
			buildSettings = {
				ASSETCATALOG_COMPILER_APPICON_NAME = AppIcon;
				ASSETCATALOG_COMPILER_GLOBAL_ACCENT_COLOR_NAME = AccentColor;
				CODE_SIGN_STYLE = Automatic;
				INFOPLIST_FILE = Valorant/Info.plist;
				LD_RUNPATH_SEARCH_PATHS = (
					"$(inherited)",
					"@executable_path/Frameworks",
				);
				PRODUCT_BUNDLE_IDENTIFIER = cev.Valorant;
				PRODUCT_NAME = "$(TARGET_NAME)";
				SWIFT_VERSION = 5.0;
				TARGETED_DEVICE_FAMILY = "1,2";
			};
			name = Debug;
		};
		6560FC38261B6E8400E222FC /* Release */ = {
			isa = XCBuildConfiguration;
			buildSettings = {
				ASSETCATALOG_COMPILER_APPICON_NAME = AppIcon;
				ASSETCATALOG_COMPILER_GLOBAL_ACCENT_COLOR_NAME = AccentColor;
				CODE_SIGN_STYLE = Automatic;
				INFOPLIST_FILE = Valorant/Info.plist;
				LD_RUNPATH_SEARCH_PATHS = (
					"$(inherited)",
					"@executable_path/Frameworks",
				);
				PRODUCT_BUNDLE_IDENTIFIER = cev.Valorant;
				PRODUCT_NAME = "$(TARGET_NAME)";
				SWIFT_VERSION = 5.0;
				TARGETED_DEVICE_FAMILY = "1,2";
			};
			name = Release;
		};
/* End XCBuildConfiguration section */

/* Begin XCConfigurationList section */
		6560FC1D261B6E8000E222FC /* Build configuration list for PBXProject "Valorant" */ = {
			isa = XCConfigurationList;
			buildConfigurations = (
				6560FC34261B6E8400E222FC /* Debug */,
				6560FC35261B6E8400E222FC /* Release */,
			);
			defaultConfigurationIsVisible = 0;
			defaultConfigurationName = Release;
		};
		6560FC36261B6E8400E222FC /* Build configuration list for PBXNativeTarget "Valorant" */ = {
			isa = XCConfigurationList;
			buildConfigurations = (
				6560FC37261B6E8400E222FC /* Debug */,
				6560FC38261B6E8400E222FC /* Release */,
			);
			defaultConfigurationIsVisible = 0;
			defaultConfigurationName = Release;
		};
/* End XCConfigurationList section */
	};
	rootObject = 6560FC1A261B6E8000E222FC /* Project object */;
}
